
Microsoft Visual Studio Solution File, Format Version 12.00
# Visual Studio 14
VisualStudioVersion = 14.0.24720.0
MinimumVisualStudioVersion = 10.0.40219.1
Project("{FAE04EC0-301F-11D3-BF4B-00C04F79EFBC}") = "PsymonWinPhone8Silverlight", "PsymonWinPhone8Silverlight\PsymonWinPhone8Silverlight.csproj", "{3562BE29-89A0-4F87-A1E4-C3B60C9E148C}"
EndProject
Project("{FAE04EC0-301F-11D3-BF4B-00C04F79EFBC}") = "PhoneUtilities", "PhoneUtilities\PhoneUtilities.csproj", "{1B112555-96D4-4DA6-A7FA-A4837DCF5912}"
EndProject
Global
	GlobalSection(SolutionConfigurationPlatforms) = preSolution
		Debug|Any CPU = Debug|Any CPU
		Debug|ARM = Debug|ARM
		Debug|x86 = Debug|x86
		Release|Any CPU = Release|Any CPU
		Release|ARM = Release|ARM
		Release|x86 = Release|x86
	EndGlobalSection
	GlobalSection(ProjectConfigurationPlatforms) = postSolution
		{3562BE29-89A0-4F87-A1E4-C3B60C9E148C}.Debug|Any CPU.ActiveCfg = Debug|Any CPU
		{3562BE29-89A0-4F87-A1E4-C3B60C9E148C}.Debug|Any CPU.Build.0 = Debug|Any CPU
		{3562BE29-89A0-4F87-A1E4-C3B60C9E148C}.Debug|Any CPU.Deploy.0 = Debug|Any CPU
		{3562BE29-89A0-4F87-A1E4-C3B60C9E148C}.Debug|ARM.ActiveCfg = Debug|ARM
		{3562BE29-89A0-4F87-A1E4-C3B60C9E148C}.Debug|ARM.Build.0 = Debug|ARM
		{3562BE29-89A0-4F87-A1E4-C3B60C9E148C}.Debug|ARM.Deploy.0 = Debug|ARM
		{3562BE29-89A0-4F87-A1E4-C3B60C9E148C}.Debug|x86.ActiveCfg = Debug|x86
		{3562BE29-89A0-4F87-A1E4-C3B60C9E148C}.Debug|x86.Build.0 = Debug|x86
		{3562BE29-89A0-4F87-A1E4-C3B60C9E148C}.Debug|x86.Deploy.0 = Debug|x86
		{3562BE29-89A0-4F87-A1E4-C3B60C9E148C}.Release|Any CPU.ActiveCfg = Release|Any CPU
		{3562BE29-89A0-4F87-A1E4-C3B60C9E148C}.Release|Any CPU.Build.0 = Release|Any CPU
		{3562BE29-89A0-4F87-A1E4-C3B60C9E148C}.Release|Any CPU.Deploy.0 = Release|Any CPU
		{3562BE29-89A0-4F87-A1E4-C3B60C9E148C}.Release|ARM.ActiveCfg = Release|ARM
		{3562BE29-89A0-4F87-A1E4-C3B60C9E148C}.Release|ARM.Build.0 = Release|ARM
		{3562BE29-89A0-4F87-A1E4-C3B60C9E148C}.Release|ARM.Deploy.0 = Release|ARM
		{3562BE29-89A0-4F87-A1E4-C3B60C9E148C}.Release|x86.ActiveCfg = Release|x86
		{3562BE29-89A0-4F87-A1E4-C3B60C9E148C}.Release|x86.Build.0 = Release|x86
		{3562BE29-89A0-4F87-A1E4-C3B60C9E148C}.Release|x86.Deploy.0 = Release|x86
		{1B112555-96D4-4DA6-A7FA-A4837DCF5912}.Debug|Any CPU.ActiveCfg = Debug|Any CPU
		{1B112555-96D4-4DA6-A7FA-A4837DCF5912}.Debug|Any CPU.Build.0 = Debug|Any CPU
		{1B112555-96D4-4DA6-A7FA-A4837DCF5912}.Debug|ARM.ActiveCfg = Debug|ARM
		{1B112555-96D4-4DA6-A7FA-A4837DCF5912}.Debug|ARM.Build.0 = Debug|ARM
		{1B112555-96D4-4DA6-A7FA-A4837DCF5912}.Debug|x86.ActiveCfg = Debug|x86
		{1B112555-96D4-4DA6-A7FA-A4837DCF5912}.Debug|x86.Build.0 = Debug|x86
		{1B112555-96D4-4DA6-A7FA-A4837DCF5912}.Release|Any CPU.ActiveCfg = Release|Any CPU
		{1B112555-96D4-4DA6-A7FA-A4837DCF5912}.Release|Any CPU.Build.0 = Release|Any CPU
		{1B112555-96D4-4DA6-A7FA-A4837DCF5912}.Release|ARM.ActiveCfg = Release|ARM
		{1B112555-96D4-4DA6-A7FA-A4837DCF5912}.Release|ARM.Build.0 = Release|ARM
		{1B112555-96D4-4DA6-A7FA-A4837DCF5912}.Release|x86.ActiveCfg = Release|x86
		{1B112555-96D4-4DA6-A7FA-A4837DCF5912}.Release|x86.Build.0 = Release|x86
	EndGlobalSection
	GlobalSection(SolutionProperties) = preSolution
		HideSolutionNode = FALSE
	EndGlobalSection
EndGlobal
